// !$*UTF8*$!
{
	archiveVersion = 1;
	classes = {
	};
	objectVersion = 46;
	objects = {

/* Begin PBXBuildFile section */
		BB75982F1E7AF6DB0097AB6F /* AppDelegate.swift in Sources */ = {isa = PBXBuildFile; fileRef = BB75982E1E7AF6DB0097AB6F /* AppDelegate.swift */; };
		BB7598311E7AF6DB0097AB6F /* ViewController.swift in Sources */ = {isa = PBXBuildFile; fileRef = BB7598301E7AF6DB0097AB6F /* ViewController.swift */; };
		BB7598341E7AF6DB0097AB6F /* Main.storyboard in Resources */ = {isa = PBXBuildFile; fileRef = BB7598321E7AF6DB0097AB6F /* Main.storyboard */; };
		BB7598361E7AF6DB0097AB6F /* Assets.xcassets in Resources */ = {isa = PBXBuildFile; fileRef = BB7598351E7AF6DB0097AB6F /* Assets.xcassets */; };
		BB7598391E7AF6DB0097AB6F /* LaunchScreen.storyboard in Resources */ = {isa = PBXBuildFile; fileRef = BB7598371E7AF6DB0097AB6F /* LaunchScreen.storyboard */; };
		BB7598411E7B02960097AB6F /* pokemon.csv in Resources */ = {isa = PBXBuildFile; fileRef = BB7598401E7B02960097AB6F /* pokemon.csv */; };
		BB7598441E7B04910097AB6F /* Pokemon.swift in Sources */ = {isa = PBXBuildFile; fileRef = BB7598431E7B04910097AB6F /* Pokemon.swift */; };
		BBFF5CA71E7C6F5D007925B9 /* PokeCell.swift in Sources */ = {isa = PBXBuildFile; fileRef = BBFF5CA61E7C6F5D007925B9 /* PokeCell.swift */; };
		BBFF5CA91E7CC826007925B9 /* csv.swift in Sources */ = {isa = PBXBuildFile; fileRef = BBFF5CA81E7CC826007925B9 /* csv.swift */; };
		BBFF5CAD1E7CD21E007925B9 /* pokemon.ttf in Resources */ = {isa = PBXBuildFile; fileRef = BBFF5CAC1E7CD21E007925B9 /* pokemon.ttf */; };
		BBFF5CB01E7CD42D007925B9 /* back.png in Resources */ = {isa = PBXBuildFile; fileRef = BBFF5CAF1E7CD42D007925B9 /* back.png */; };
		BBFF5CB21E7CD43D007925B9 /* music.png in Resources */ = {isa = PBXBuildFile; fileRef = BBFF5CB11E7CD43D007925B9 /* music.png */; };
		BBFF5CB41E7CD48D007925B9 /* music.mp3 in Resources */ = {isa = PBXBuildFile; fileRef = BBFF5CB31E7CD48D007925B9 /* music.mp3 */; };
/* End PBXBuildFile section */

/* Begin PBXFileReference section */
		BB75982B1E7AF6DB0097AB6F /* pokedex.app */ = {isa = PBXFileReference; explicitFileType = wrapper.application; includeInIndex = 0; path = pokedex.app; sourceTree = BUILT_PRODUCTS_DIR; };
		BB75982E1E7AF6DB0097AB6F /* AppDelegate.swift */ = {isa = PBXFileReference; lastKnownFileType = sourcecode.swift; path = AppDelegate.swift; sourceTree = "<group>"; };
		BB7598301E7AF6DB0097AB6F /* ViewController.swift */ = {isa = PBXFileReference; lastKnownFileType = sourcecode.swift; path = ViewController.swift; sourceTree = "<group>"; };
		BB7598331E7AF6DB0097AB6F /* Base */ = {isa = PBXFileReference; lastKnownFileType = file.storyboard; name = Base; path = Base.lproj/Main.storyboard; sourceTree = "<group>"; };
		BB7598351E7AF6DB0097AB6F /* Assets.xcassets */ = {isa = PBXFileReference; lastKnownFileType = folder.assetcatalog; path = Assets.xcassets; sourceTree = "<group>"; };
		BB7598381E7AF6DB0097AB6F /* Base */ = {isa = PBXFileReference; lastKnownFileType = file.storyboard; name = Base; path = Base.lproj/LaunchScreen.storyboard; sourceTree = "<group>"; };
		BB75983A1E7AF6DB0097AB6F /* Info.plist */ = {isa = PBXFileReference; lastKnownFileType = text.plist.xml; path = Info.plist; sourceTree = "<group>"; };
		BB7598401E7B02960097AB6F /* pokemon.csv */ = {isa = PBXFileReference; fileEncoding = 4; lastKnownFileType = text; path = pokemon.csv; sourceTree = "<group>"; };
		BB7598431E7B04910097AB6F /* Pokemon.swift */ = {isa = PBXFileReference; fileEncoding = 4; lastKnownFileType = sourcecode.swift; path = Pokemon.swift; sourceTree = "<group>"; };
		BBFF5CA61E7C6F5D007925B9 /* PokeCell.swift */ = {isa = PBXFileReference; fileEncoding = 4; lastKnownFileType = sourcecode.swift; path = PokeCell.swift; sourceTree = "<group>"; };
		BBFF5CA81E7CC826007925B9 /* csv.swift */ = {isa = PBXFileReference; fileEncoding = 4; lastKnownFileType = sourcecode.swift; path = csv.swift; sourceTree = "<group>"; };
		BBFF5CAC1E7CD21E007925B9 /* pokemon.ttf */ = {isa = PBXFileReference; lastKnownFileType = file; path = pokemon.ttf; sourceTree = "<group>"; };
		BBFF5CAF1E7CD42D007925B9 /* back.png */ = {isa = PBXFileReference; lastKnownFileType = image.png; path = back.png; sourceTree = "<group>"; };
		BBFF5CB11E7CD43D007925B9 /* music.png */ = {isa = PBXFileReference; lastKnownFileType = image.png; path = music.png; sourceTree = "<group>"; };
		BBFF5CB31E7CD48D007925B9 /* music.mp3 */ = {isa = PBXFileReference; lastKnownFileType = audio.mp3; path = music.mp3; sourceTree = "<group>"; };
/* End PBXFileReference section */

/* Begin PBXFrameworksBuildPhase section */
		BB7598281E7AF6DA0097AB6F /* Frameworks */ = {
			isa = PBXFrameworksBuildPhase;
			buildActionMask = 2147483647;
			files = (
			);
			runOnlyForDeploymentPostprocessing = 0;
		};
/* End PBXFrameworksBuildPhase section */

/* Begin PBXGroup section */
		BB7598221E7AF6DA0097AB6F = {
			isa = PBXGroup;
			children = (
				BB75982D1E7AF6DB0097AB6F /* pokedex */,
				BB75982C1E7AF6DB0097AB6F /* Products */,
			);
			sourceTree = "<group>";
		};
		BB75982C1E7AF6DB0097AB6F /* Products */ = {
			isa = PBXGroup;
			children = (
				BB75982B1E7AF6DB0097AB6F /* pokedex.app */,
			);
			name = Products;
			sourceTree = "<group>";
		};
		BB75982D1E7AF6DB0097AB6F /* pokedex */ = {
			isa = PBXGroup;
			children = (
				BB7598321E7AF6DB0097AB6F /* Main.storyboard */,
				BB7598351E7AF6DB0097AB6F /* Assets.xcassets */,
				BB7598421E7B045E0097AB6F /* Model */,
				BBFF5CA51E7C6EE6007925B9 /* View */,
				BBFF5CAA1E7CC9BC007925B9 /* Controller */,
				BBFF5CAB1E7CC9D7007925B9 /* Resources */,
				BBFF5CAE1E7CD271007925B9 /* Util */,
				BB75982E1E7AF6DB0097AB6F /* AppDelegate.swift */,
				BB75983A1E7AF6DB0097AB6F /* Info.plist */,
				BB7598371E7AF6DB0097AB6F /* LaunchScreen.storyboard */,
			);
			path = pokedex;
			sourceTree = "<group>";
		};
		BB7598421E7B045E0097AB6F /* Model */ = {
			isa = PBXGroup;
			children = (
				BB7598431E7B04910097AB6F /* Pokemon.swift */,
			);
			name = Model;
			sourceTree = "<group>";
		};
		BBFF5CA51E7C6EE6007925B9 /* View */ = {
			isa = PBXGroup;
			children = (
				BBFF5CA61E7C6F5D007925B9 /* PokeCell.swift */,
			);
			name = View;
			sourceTree = "<group>";
		};
		BBFF5CAA1E7CC9BC007925B9 /* Controller */ = {
			isa = PBXGroup;
			children = (
				BB7598301E7AF6DB0097AB6F /* ViewController.swift */,
			);
			name = Controller;
			sourceTree = "<group>";
		};
		BBFF5CAB1E7CC9D7007925B9 /* Resources */ = {
			isa = PBXGroup;
			children = (
				BB7598401E7B02960097AB6F /* pokemon.csv */,
				BBFF5CAC1E7CD21E007925B9 /* pokemon.ttf */,
				BBFF5CAF1E7CD42D007925B9 /* back.png */,
				BBFF5CB11E7CD43D007925B9 /* music.png */,
				BBFF5CB31E7CD48D007925B9 /* music.mp3 */,
			);
			name = Resources;
			sourceTree = "<group>";
		};
		BBFF5CAE1E7CD271007925B9 /* Util */ = {
			isa = PBXGroup;
			children = (
				BBFF5CA81E7CC826007925B9 /* csv.swift */,
			);
			name = Util;
			sourceTree = "<group>";
		};
/* End PBXGroup section */

/* Begin PBXNativeTarget section */
		BB75982A1E7AF6DA0097AB6F /* pokedex */ = {
			isa = PBXNativeTarget;
			buildConfigurationList = BB75983D1E7AF6DB0097AB6F /* Build configuration list for PBXNativeTarget "pokedex" */;
			buildPhases = (
				BB7598271E7AF6DA0097AB6F /* Sources */,
				BB7598281E7AF6DA0097AB6F /* Frameworks */,
				BB7598291E7AF6DA0097AB6F /* Resources */,
			);
			buildRules = (
			);
			dependencies = (
			);
			name = pokedex;
			productName = pokedex;
			productReference = BB75982B1E7AF6DB0097AB6F /* pokedex.app */;
			productType = "com.apple.product-type.application";
		};
/* End PBXNativeTarget section */

/* Begin PBXProject section */
		BB7598231E7AF6DA0097AB6F /* Project object */ = {
			isa = PBXProject;
			attributes = {
				LastSwiftUpdateCheck = 0820;
				LastUpgradeCheck = 0820;
				ORGANIZATIONNAME = "Jesus Lopez de Nava";
				TargetAttributes = {
					BB75982A1E7AF6DA0097AB6F = {
						CreatedOnToolsVersion = 8.2.1;
						DevelopmentTeam = QRLQDFSPK7;
						LastSwiftMigration = 0820;
						ProvisioningStyle = Automatic;
					};
				};
			};
			buildConfigurationList = BB7598261E7AF6DA0097AB6F /* Build configuration list for PBXProject "pokedex" */;
			compatibilityVersion = "Xcode 3.2";
			developmentRegion = English;
			hasScannedForEncodings = 0;
			knownRegions = (
				en,
				Base,
			);
			mainGroup = BB7598221E7AF6DA0097AB6F;
			productRefGroup = BB75982C1E7AF6DB0097AB6F /* Products */;
			projectDirPath = "";
			projectRoot = "";
			targets = (
				BB75982A1E7AF6DA0097AB6F /* pokedex */,
			);
		};
/* End PBXProject section */

/* Begin PBXResourcesBuildPhase section */
		BB7598291E7AF6DA0097AB6F /* Resources */ = {
			isa = PBXResourcesBuildPhase;
			buildActionMask = 2147483647;
			files = (
				BBFF5CB41E7CD48D007925B9 /* music.mp3 in Resources */,
				BBFF5CAD1E7CD21E007925B9 /* pokemon.ttf in Resources */,
				BBFF5CB21E7CD43D007925B9 /* music.png in Resources */,
				BB7598391E7AF6DB0097AB6F /* LaunchScreen.storyboard in Resources */,
				BBFF5CB01E7CD42D007925B9 /* back.png in Resources */,
				BB7598361E7AF6DB0097AB6F /* Assets.xcassets in Resources */,
				BB7598411E7B02960097AB6F /* pokemon.csv in Resources */,
				BB7598341E7AF6DB0097AB6F /* Main.storyboard in Resources */,
			);
			runOnlyForDeploymentPostprocessing = 0;
		};
/* End PBXResourcesBuildPhase section */

/* Begin PBXSourcesBuildPhase section */
		BB7598271E7AF6DA0097AB6F /* Sources */ = {
			isa = PBXSourcesBuildPhase;
			buildActionMask = 2147483647;
			files = (
				BBFF5CA71E7C6F5D007925B9 /* PokeCell.swift in Sources */,
				BB7598441E7B04910097AB6F /* Pokemon.swift in Sources */,
				BB7598311E7AF6DB0097AB6F /* ViewController.swift in Sources */,
				BB75982F1E7AF6DB0097AB6F /* AppDelegate.swift in Sources */,
				BBFF5CA91E7CC826007925B9 /* csv.swift in Sources */,
			);
			runOnlyForDeploymentPostprocessing = 0;
		};
/* End PBXSourcesBuildPhase section */

/* Begin PBXVariantGroup section */
		BB7598321E7AF6DB0097AB6F /* Main.storyboard */ = {
			isa = PBXVariantGroup;
			children = (
				BB7598331E7AF6DB0097AB6F /* Base */,
			);
			name = Main.storyboard;
			sourceTree = "<group>";
		};
		BB7598371E7AF6DB0097AB6F /* LaunchScreen.storyboard */ = {
			isa = PBXVariantGroup;
			children = (
				BB7598381E7AF6DB0097AB6F /* Base */,
			);
			name = LaunchScreen.storyboard;
			sourceTree = "<group>";
		};
/* End PBXVariantGroup section */

/* Begin XCBuildConfiguration section */
		BB75983B1E7AF6DB0097AB6F /* Debug */ = {
			isa = XCBuildConfiguration;
			buildSettings = {
				ALWAYS_SEARCH_USER_PATHS = NO;
				CLANG_ANALYZER_NONNULL = YES;
				CLANG_CXX_LANGUAGE_STANDARD = "gnu++0x";
				CLANG_CXX_LIBRARY = "libc++";
				CLANG_ENABLE_MODULES = YES;
				CLANG_ENABLE_OBJC_ARC = YES;
				CLANG_WARN_BOOL_CONVERSION = YES;
				CLANG_WARN_CONSTANT_CONVERSION = YES;
				CLANG_WARN_DIRECT_OBJC_ISA_USAGE = YES_ERROR;
				CLANG_WARN_DOCUMENTATION_COMMENTS = YES;
				CLANG_WARN_EMPTY_BODY = YES;
				CLANG_WARN_ENUM_CONVERSION = YES;
				CLANG_WARN_INFINITE_RECURSION = YES;
				CLANG_WARN_INT_CONVERSION = YES;
				CLANG_WARN_OBJC_ROOT_CLASS = YES_ERROR;
				CLANG_WARN_SUSPICIOUS_MOVE = YES;
				CLANG_WARN_UNREACHABLE_CODE = YES;
				CLANG_WARN__DUPLICATE_METHOD_MATCH = YES;
				"CODE_SIGN_IDENTITY[sdk=iphoneos*]" = "iPhone Developer";
				COPY_PHASE_STRIP = NO;
				DEBUG_INFORMATION_FORMAT = dwarf;
				ENABLE_STRICT_OBJC_MSGSEND = YES;
				ENABLE_TESTABILITY = YES;
				GCC_C_LANGUAGE_STANDARD = gnu99;
				GCC_DYNAMIC_NO_PIC = NO;
				GCC_NO_COMMON_BLOCKS = YES;
				GCC_OPTIMIZATION_LEVEL = 0;
				GCC_PREPROCESSOR_DEFINITIONS = (
					"DEBUG=1",
					"$(inherited)",
				);
				GCC_WARN_64_TO_32_BIT_CONVERSION = YES;
				GCC_WARN_ABOUT_RETURN_TYPE = YES_ERROR;
				GCC_WARN_UNDECLARED_SELECTOR = YES;
				GCC_WARN_UNINITIALIZED_AUTOS = YES_AGGRESSIVE;
				GCC_WARN_UNUSED_FUNCTION = YES;
				GCC_WARN_UNUSED_VARIABLE = YES;
				IPHONEOS_DEPLOYMENT_TARGET = 10.2;
				MTL_ENABLE_DEBUG_INFO = YES;
				ONLY_ACTIVE_ARCH = YES;
				SDKROOT = iphoneos;
				SWIFT_ACTIVE_COMPILATION_CONDITIONS = DEBUG;
				SWIFT_OPTIMIZATION_LEVEL = "-Onone";
			};
			name = Debug;
		};
		BB75983C1E7AF6DB0097AB6F /* Release */ = {
			isa = XCBuildConfiguration;
			buildSettings = {
				ALWAYS_SEARCH_USER_PATHS = NO;
				CLANG_ANALYZER_NONNULL = YES;
				CLANG_CXX_LANGUAGE_STANDARD = "gnu++0x";
				CLANG_CXX_LIBRARY = "libc++";
				CLANG_ENABLE_MODULES = YES;
				CLANG_ENABLE_OBJC_ARC = YES;
				CLANG_WARN_BOOL_CONVERSION = YES;
				CLANG_WARN_CONSTANT_CONVERSION = YES;
				CLANG_WARN_DIRECT_OBJC_ISA_USAGE = YES_ERROR;
				CLANG_WARN_DOCUMENTATION_COMMENTS = YES;
				CLANG_WARN_EMPTY_BODY = YES;
				CLANG_WARN_ENUM_CONVERSION = YES;
				CLANG_WARN_INFINITE_RECURSION = YES;
				CLANG_WARN_INT_CONVERSION = YES;
				CLANG_WARN_OBJC_ROOT_CLASS = YES_ERROR;
				CLANG_WARN_SUSPICIOUS_MOVE = YES;
				CLANG_WARN_UNREACHABLE_CODE = YES;
				CLANG_WARN__DUPLICATE_METHOD_MATCH = YES;
				"CODE_SIGN_IDENTITY[sdk=iphoneos*]" = "iPhone Developer";
				COPY_PHASE_STRIP = NO;
				DEBUG_INFORMATION_FORMAT = "dwarf-with-dsym";
				ENABLE_NS_ASSERTIONS = NO;
				ENABLE_STRICT_OBJC_MSGSEND = YES;
				GCC_C_LANGUAGE_STANDARD = gnu99;
				GCC_NO_COMMON_BLOCKS = YES;
				GCC_WARN_64_TO_32_BIT_CONVERSION = YES;
				GCC_WARN_ABOUT_RETURN_TYPE = YES_ERROR;
				GCC_WARN_UNDECLARED_SELECTOR = YES;
				GCC_WARN_UNINITIALIZED_AUTOS = YES_AGGRESSIVE;
				GCC_WARN_UNUSED_FUNCTION = YES;
				GCC_WARN_UNUSED_VARIABLE = YES;
				IPHONEOS_DEPLOYMENT_TARGET = 10.2;
				MTL_ENABLE_DEBUG_INFO = NO;
				SDKROOT = iphoneos;
				SWIFT_OPTIMIZATION_LEVEL = "-Owholemodule";
				VALIDATE_PRODUCT = YES;
			};
			name = Release;
		};
		BB75983E1E7AF6DB0097AB6F /* Debug */ = {
			isa = XCBuildConfiguration;
			buildSettings = {
				ASSETCATALOG_COMPILER_APPICON_NAME = AppIcon;
				DEVELOPMENT_TEAM = QRLQDFSPK7;
				INFOPLIST_FILE = pokedex/Info.plist;
				LD_RUNPATH_SEARCH_PATHS = "$(inherited) @executable_path/Frameworks";
				PRODUCT_BUNDLE_IDENTIFIER = com.lodenaapps.pokedex;
				PRODUCT_NAME = "$(TARGET_NAME)";
				SWIFT_VERSION = 3.0;
			};
			name = Debug;
		};
		BB75983F1E7AF6DB0097AB6F /* Release */ = {
			isa = XCBuildConfiguration;
			buildSettings = {
				ASSETCATALOG_COMPILER_APPICON_NAME = AppIcon;
				DEVELOPMENT_TEAM = QRLQDFSPK7;
				INFOPLIST_FILE = pokedex/Info.plist;
				LD_RUNPATH_SEARCH_PATHS = "$(inherited) @executable_path/Frameworks";
				PRODUCT_BUNDLE_IDENTIFIER = com.lodenaapps.pokedex;
				PRODUCT_NAME = "$(TARGET_NAME)";
				SWIFT_VERSION = 3.0;
			};
			name = Release;
		};
/* End XCBuildConfiguration section */

/* Begin XCConfigurationList section */
		BB7598261E7AF6DA0097AB6F /* Build configuration list for PBXProject "pokedex" */ = {
			isa = XCConfigurationList;
			buildConfigurations = (
				BB75983B1E7AF6DB0097AB6F /* Debug */,
				BB75983C1E7AF6DB0097AB6F /* Release */,
			);
			defaultConfigurationIsVisible = 0;
			defaultConfigurationName = Release;
		};
		BB75983D1E7AF6DB0097AB6F /* Build configuration list for PBXNativeTarget "pokedex" */ = {
			isa = XCConfigurationList;
			buildConfigurations = (
				BB75983E1E7AF6DB0097AB6F /* Debug */,
				BB75983F1E7AF6DB0097AB6F /* Release */,
			);
			defaultConfigurationIsVisible = 0;
			defaultConfigurationName = Release;
		};
/* End XCConfigurationList section */
	};
	rootObject = BB7598231E7AF6DA0097AB6F /* Project object */;
}
